
Microsoft Visual Studio Solution File, Format Version 12.00
# Visual Studio 15
Project("{FAE04EC0-301F-11D3-BF4B-00C04F79EFBC}") = "BashExtension", "BashExtension\BashExtension.csproj", "{76D168B6-49FF-40A6-833E-1153E11C74B1}"
EndProject
Project("{FAE04EC0-301F-11D3-BF4B-00C04F79EFBC}") = "Q10", "Q10\Q10.csproj", "{AF3FCA2D-7EFA-424D-815F-E3392C9BC2FC}"
EndProject
Project("{FAE04EC0-301F-11D3-BF4B-00C04F79EFBC}") = "Q11", "Q11\Q11.csproj", "{69074C1B-8E9F-4CF0-A756-6DEA7C1E00A3}"
EndProject
Project("{FAE04EC0-301F-11D3-BF4B-00C04F79EFBC}") = "Q12", "Q12\Q12.csproj", "{367258D9-6457-40AB-87F8-71E2F7ED1E9F}"
EndProject
Project("{FAE04EC0-301F-11D3-BF4B-00C04F79EFBC}") = "Q13", "Q13\Q13.csproj", "{7E38AD76-6528-4F66-A883-8DE409789214}"
EndProject
Project("{2150E333-8FDC-42A3-9474-1A3956D46DE8}") = "Solution Items", "Solution Items", "{95AC04C6-27E1-4E81-8CE5-060F411622A4}"
	ProjectSection(SolutionItems) = preProject
		col2.txt = col2.txt
		col1.txt = col1.txt
		hightemp.txt = hightemp.txt
	EndProjectSection
EndProject
Project("{FAE04EC0-301F-11D3-BF4B-00C04F79EFBC}") = "Q14", "Q14\Q14.csproj", "{3D2E093A-CBD0-4719-B3A4-3BCA870E835E}"
EndProject
Project("{FAE04EC0-301F-11D3-BF4B-00C04F79EFBC}") = "Q15", "Q15\Q15.csproj", "{A8285FF6-9E5A-42A1-9641-142C710A332C}"
EndProject
Project("{FAE04EC0-301F-11D3-BF4B-00C04F79EFBC}") = "Q16", "Q16\Q16.csproj", "{1C36EACD-9B40-417F-A37E-B528FA05DD48}"
EndProject
Project("{FAE04EC0-301F-11D3-BF4B-00C04F79EFBC}") = "LogExtension", "..\LogExtension\LogExtension\LogExtension.csproj", "{62E11962-D9DB-42B0-87B1-EAE2C18A6027}"
EndProject
Global
	GlobalSection(SolutionConfigurationPlatforms) = preSolution
		Debug|Any CPU = Debug|Any CPU
		Release|Any CPU = Release|Any CPU
	EndGlobalSection
	GlobalSection(ProjectConfigurationPlatforms) = postSolution
		{76D168B6-49FF-40A6-833E-1153E11C74B1}.Debug|Any CPU.ActiveCfg = Debug|Any CPU
		{76D168B6-49FF-40A6-833E-1153E11C74B1}.Debug|Any CPU.Build.0 = Debug|Any CPU
		{76D168B6-49FF-40A6-833E-1153E11C74B1}.Release|Any CPU.ActiveCfg = Release|Any CPU
		{76D168B6-49FF-40A6-833E-1153E11C74B1}.Release|Any CPU.Build.0 = Release|Any CPU
		{AF3FCA2D-7EFA-424D-815F-E3392C9BC2FC}.Debug|Any CPU.ActiveCfg = Debug|Any CPU
		{AF3FCA2D-7EFA-424D-815F-E3392C9BC2FC}.Debug|Any CPU.Build.0 = Debug|Any CPU
		{AF3FCA2D-7EFA-424D-815F-E3392C9BC2FC}.Release|Any CPU.ActiveCfg = Release|Any CPU
		{AF3FCA2D-7EFA-424D-815F-E3392C9BC2FC}.Release|Any CPU.Build.0 = Release|Any CPU
		{69074C1B-8E9F-4CF0-A756-6DEA7C1E00A3}.Debug|Any CPU.ActiveCfg = Debug|Any CPU
		{69074C1B-8E9F-4CF0-A756-6DEA7C1E00A3}.Debug|Any CPU.Build.0 = Debug|Any CPU
		{69074C1B-8E9F-4CF0-A756-6DEA7C1E00A3}.Release|Any CPU.ActiveCfg = Release|Any CPU
		{69074C1B-8E9F-4CF0-A756-6DEA7C1E00A3}.Release|Any CPU.Build.0 = Release|Any CPU
		{367258D9-6457-40AB-87F8-71E2F7ED1E9F}.Debug|Any CPU.ActiveCfg = Debug|Any CPU
		{367258D9-6457-40AB-87F8-71E2F7ED1E9F}.Debug|Any CPU.Build.0 = Debug|Any CPU
		{367258D9-6457-40AB-87F8-71E2F7ED1E9F}.Release|Any CPU.ActiveCfg = Release|Any CPU
		{367258D9-6457-40AB-87F8-71E2F7ED1E9F}.Release|Any CPU.Build.0 = Release|Any CPU
		{7E38AD76-6528-4F66-A883-8DE409789214}.Debug|Any CPU.ActiveCfg = Debug|Any CPU
		{7E38AD76-6528-4F66-A883-8DE409789214}.Debug|Any CPU.Build.0 = Debug|Any CPU
		{7E38AD76-6528-4F66-A883-8DE409789214}.Release|Any CPU.ActiveCfg = Release|Any CPU
		{7E38AD76-6528-4F66-A883-8DE409789214}.Release|Any CPU.Build.0 = Release|Any CPU
		{3D2E093A-CBD0-4719-B3A4-3BCA870E835E}.Debug|Any CPU.ActiveCfg = Debug|Any CPU
		{3D2E093A-CBD0-4719-B3A4-3BCA870E835E}.Debug|Any CPU.Build.0 = Debug|Any CPU
		{3D2E093A-CBD0-4719-B3A4-3BCA870E835E}.Release|Any CPU.ActiveCfg = Release|Any CPU
		{3D2E093A-CBD0-4719-B3A4-3BCA870E835E}.Release|Any CPU.Build.0 = Release|Any CPU
		{A8285FF6-9E5A-42A1-9641-142C710A332C}.Debug|Any CPU.ActiveCfg = Debug|Any CPU
		{A8285FF6-9E5A-42A1-9641-142C710A332C}.Debug|Any CPU.Build.0 = Debug|Any CPU
		{A8285FF6-9E5A-42A1-9641-142C710A332C}.Release|Any CPU.ActiveCfg = Release|Any CPU
		{A8285FF6-9E5A-42A1-9641-142C710A332C}.Release|Any CPU.Build.0 = Release|Any CPU
		{1C36EACD-9B40-417F-A37E-B528FA05DD48}.Debug|Any CPU.ActiveCfg = Debug|Any CPU
		{1C36EACD-9B40-417F-A37E-B528FA05DD48}.Debug|Any CPU.Build.0 = Debug|Any CPU
		{1C36EACD-9B40-417F-A37E-B528FA05DD48}.Release|Any CPU.ActiveCfg = Release|Any CPU
		{1C36EACD-9B40-417F-A37E-B528FA05DD48}.Release|Any CPU.Build.0 = Release|Any CPU
		{62E11962-D9DB-42B0-87B1-EAE2C18A6027}.Debug|Any CPU.ActiveCfg = Debug|Any CPU
		{62E11962-D9DB-42B0-87B1-EAE2C18A6027}.Debug|Any CPU.Build.0 = Debug|Any CPU
		{62E11962-D9DB-42B0-87B1-EAE2C18A6027}.Release|Any CPU.ActiveCfg = Release|Any CPU
		{62E11962-D9DB-42B0-87B1-EAE2C18A6027}.Release|Any CPU.Build.0 = Release|Any CPU
	EndGlobalSection
EndGlobal
